
Microsoft Visual Studio Solution File, Format Version 11.00
# Visual C# Express 2010
Project("{FAE04EC0-301F-11D3-BF4B-00C04F79EFBC}") = "Kolko_i_krzyzyk", "Kolko_i_krzyzyk\Kolko_i_krzyzyk.csproj", "{9336733F-9BFD-4811-8304-C1887239E951}"
EndProject
Global
	GlobalSection(SolutionConfigurationPlatforms) = preSolution
		Debug|x86 = Debug|x86
		Release|x86 = Release|x86
	EndGlobalSection
	GlobalSection(ProjectConfigurationPlatforms) = postSolution
		{9336733F-9BFD-4811-8304-C1887239E951}.Debug|x86.ActiveCfg = Debug|x86
		{9336733F-9BFD-4811-8304-C1887239E951}.Debug|x86.Build.0 = Debug|x86
		{9336733F-9BFD-4811-8304-C1887239E951}.Release|x86.ActiveCfg = Release|x86
		{9336733F-9BFD-4811-8304-C1887239E951}.Release|x86.Build.0 = Release|x86
	EndGlobalSection
	GlobalSection(SolutionProperties) = preSolution
		HideSolutionNode = FALSE
	EndGlobalSection
EndGlobal
